// !$*UTF8*$!
{
	archiveVersion = 1;
	classes = {
	};
	objectVersion = 55;
	objects = {

/* Begin PBXBuildFile section */
		2C504FFC27AC5A45000FC527 /* Slider_UIApp.swift in Sources */ = {isa = PBXBuildFile; fileRef = 2C504FFB27AC5A45000FC527 /* Slider_UIApp.swift */; };
		2C504FFE27AC5A45000FC527 /* ContentView.swift in Sources */ = {isa = PBXBuildFile; fileRef = 2C504FFD27AC5A45000FC527 /* ContentView.swift */; };
		2C50500027AC5A46000FC527 /* Assets.xcassets in Resources */ = {isa = PBXBuildFile; fileRef = 2C504FFF27AC5A46000FC527 /* Assets.xcassets */; };
		2C50500327AC5A46000FC527 /* Preview Assets.xcassets in Resources */ = {isa = PBXBuildFile; fileRef = 2C50500227AC5A46000FC527 /* Preview Assets.xcassets */; };
		2C50500C27AC5B33000FC527 /* Homepage.swift in Sources */ = {isa = PBXBuildFile; fileRef = 2C50500B27AC5B33000FC527 /* Homepage.swift */; };
		2C50500E27AC5F4B000FC527 /* CustomerCorner.swift in Sources */ = {isa = PBXBuildFile; fileRef = 2C50500D27AC5F4B000FC527 /* CustomerCorner.swift */; };
		2C50501027AC6168000FC527 /* Tab.swift in Sources */ = {isa = PBXBuildFile; fileRef = 2C50500F27AC6168000FC527 /* Tab.swift */; };
		2C50501227AC625E000FC527 /* SliderView.swift in Sources */ = {isa = PBXBuildFile; fileRef = 2C50501127AC625E000FC527 /* SliderView.swift */; };
		2C50501427AC69FF000FC527 /* BeautifulView.swift in Sources */ = {isa = PBXBuildFile; fileRef = 2C50501327AC69FF000FC527 /* BeautifulView.swift */; };
/* End PBXBuildFile section */

/* Begin PBXFileReference section */
		2C504FF827AC5A45000FC527 /* Slider UI.app */ = {isa = PBXFileReference; explicitFileType = wrapper.application; includeInIndex = 0; path = "Slider UI.app"; sourceTree = BUILT_PRODUCTS_DIR; };
		2C504FFB27AC5A45000FC527 /* Slider_UIApp.swift */ = {isa = PBXFileReference; lastKnownFileType = sourcecode.swift; path = Slider_UIApp.swift; sourceTree = "<group>"; };
		2C504FFD27AC5A45000FC527 /* ContentView.swift */ = {isa = PBXFileReference; lastKnownFileType = sourcecode.swift; path = ContentView.swift; sourceTree = "<group>"; };
		2C504FFF27AC5A46000FC527 /* Assets.xcassets */ = {isa = PBXFileReference; lastKnownFileType = folder.assetcatalog; path = Assets.xcassets; sourceTree = "<group>"; };
		2C50500227AC5A46000FC527 /* Preview Assets.xcassets */ = {isa = PBXFileReference; lastKnownFileType = folder.assetcatalog; path = "Preview Assets.xcassets"; sourceTree = "<group>"; };
		2C50500B27AC5B33000FC527 /* Homepage.swift */ = {isa = PBXFileReference; lastKnownFileType = sourcecode.swift; path = Homepage.swift; sourceTree = "<group>"; };
		2C50500D27AC5F4B000FC527 /* CustomerCorner.swift */ = {isa = PBXFileReference; lastKnownFileType = sourcecode.swift; path = CustomerCorner.swift; sourceTree = "<group>"; };
		2C50500F27AC6168000FC527 /* Tab.swift */ = {isa = PBXFileReference; lastKnownFileType = sourcecode.swift; path = Tab.swift; sourceTree = "<group>"; };
		2C50501127AC625E000FC527 /* SliderView.swift */ = {isa = PBXFileReference; lastKnownFileType = sourcecode.swift; path = SliderView.swift; sourceTree = "<group>"; };
		2C50501327AC69FF000FC527 /* BeautifulView.swift */ = {isa = PBXFileReference; lastKnownFileType = sourcecode.swift; path = BeautifulView.swift; sourceTree = "<group>"; };
/* End PBXFileReference section */

/* Begin PBXFrameworksBuildPhase section */
		2C504FF527AC5A45000FC527 /* Frameworks */ = {
			isa = PBXFrameworksBuildPhase;
			buildActionMask = 2147483647;
			files = (
			);
			runOnlyForDeploymentPostprocessing = 0;
		};
/* End PBXFrameworksBuildPhase section */

/* Begin PBXGroup section */
		2C504FEF27AC5A45000FC527 = {
			isa = PBXGroup;
			children = (
				2C504FFA27AC5A45000FC527 /* Slider UI */,
				2C504FF927AC5A45000FC527 /* Products */,
			);
			sourceTree = "<group>";
		};
		2C504FF927AC5A45000FC527 /* Products */ = {
			isa = PBXGroup;
			children = (
				2C504FF827AC5A45000FC527 /* Slider UI.app */,
			);
			name = Products;
			sourceTree = "<group>";
		};
		2C504FFA27AC5A45000FC527 /* Slider UI */ = {
			isa = PBXGroup;
			children = (
				2C50500A27AC5AFF000FC527 /* Model */,
				2C50500927AC5AF3000FC527 /* View */,
				2C504FFB27AC5A45000FC527 /* Slider_UIApp.swift */,
				2C504FFD27AC5A45000FC527 /* ContentView.swift */,
				2C504FFF27AC5A46000FC527 /* Assets.xcassets */,
				2C50500127AC5A46000FC527 /* Preview Content */,
			);
			path = "Slider UI";
			sourceTree = "<group>";
		};
		2C50500127AC5A46000FC527 /* Preview Content */ = {
			isa = PBXGroup;
			children = (
				2C50500227AC5A46000FC527 /* Preview Assets.xcassets */,
			);
			path = "Preview Content";
			sourceTree = "<group>";
		};
		2C50500927AC5AF3000FC527 /* View */ = {
			isa = PBXGroup;
			children = (
				2C50500B27AC5B33000FC527 /* Homepage.swift */,
				2C50500D27AC5F4B000FC527 /* CustomerCorner.swift */,
				2C50501127AC625E000FC527 /* SliderView.swift */,
				2C50501327AC69FF000FC527 /* BeautifulView.swift */,
			);
			path = View;
			sourceTree = "<group>";
		};
		2C50500A27AC5AFF000FC527 /* Model */ = {
			isa = PBXGroup;
			children = (
				2C50500F27AC6168000FC527 /* Tab.swift */,
			);
			path = Model;
			sourceTree = "<group>";
		};
/* End PBXGroup section */

/* Begin PBXNativeTarget section */
		2C504FF727AC5A45000FC527 /* Slider UI */ = {
			isa = PBXNativeTarget;
			buildConfigurationList = 2C50500627AC5A46000FC527 /* Build configuration list for PBXNativeTarget "Slider UI" */;
			buildPhases = (
				2C504FF427AC5A45000FC527 /* Sources */,
				2C504FF527AC5A45000FC527 /* Frameworks */,
				2C504FF627AC5A45000FC527 /* Resources */,
			);
			buildRules = (
			);
			dependencies = (
			);
			name = "Slider UI";
			productName = "Slider UI";
			productReference = 2C504FF827AC5A45000FC527 /* Slider UI.app */;
			productType = "com.apple.product-type.application";
		};
/* End PBXNativeTarget section */

/* Begin PBXProject section */
		2C504FF027AC5A45000FC527 /* Project object */ = {
			isa = PBXProject;
			attributes = {
				BuildIndependentTargetsInParallel = 1;
				LastSwiftUpdateCheck = 1320;
				LastUpgradeCheck = 1320;
				TargetAttributes = {
					2C504FF727AC5A45000FC527 = {
						CreatedOnToolsVersion = 13.2.1;
					};
				};
			};
			buildConfigurationList = 2C504FF327AC5A45000FC527 /* Build configuration list for PBXProject "Slider UI" */;
			compatibilityVersion = "Xcode 13.0";
			developmentRegion = en;
			hasScannedForEncodings = 0;
			knownRegions = (
				en,
				Base,
			);
			mainGroup = 2C504FEF27AC5A45000FC527;
			productRefGroup = 2C504FF927AC5A45000FC527 /* Products */;
			projectDirPath = "";
			projectRoot = "";
			targets = (
				2C504FF727AC5A45000FC527 /* Slider UI */,
			);
		};
/* End PBXProject section */

/* Begin PBXResourcesBuildPhase section */
		2C504FF627AC5A45000FC527 /* Resources */ = {
			isa = PBXResourcesBuildPhase;
			buildActionMask = 2147483647;
			files = (
				2C50500327AC5A46000FC527 /* Preview Assets.xcassets in Resources */,
				2C50500027AC5A46000FC527 /* Assets.xcassets in Resources */,
			);
			runOnlyForDeploymentPostprocessing = 0;
		};
/* End PBXResourcesBuildPhase section */

/* Begin PBXSourcesBuildPhase section */
		2C504FF427AC5A45000FC527 /* Sources */ = {
			isa = PBXSourcesBuildPhase;
			buildActionMask = 2147483647;
			files = (
				2C50500C27AC5B33000FC527 /* Homepage.swift in Sources */,
				2C50501427AC69FF000FC527 /* BeautifulView.swift in Sources */,
				2C504FFE27AC5A45000FC527 /* ContentView.swift in Sources */,
				2C50501027AC6168000FC527 /* Tab.swift in Sources */,
				2C50501227AC625E000FC527 /* SliderView.swift in Sources */,
				2C50500E27AC5F4B000FC527 /* CustomerCorner.swift in Sources */,
				2C504FFC27AC5A45000FC527 /* Slider_UIApp.swift in Sources */,
			);
			runOnlyForDeploymentPostprocessing = 0;
		};
/* End PBXSourcesBuildPhase section */

/* Begin XCBuildConfiguration section */
		2C50500427AC5A46000FC527 /* Debug */ = {
			isa = XCBuildConfiguration;
			buildSettings = {
				ALWAYS_SEARCH_USER_PATHS = NO;
				CLANG_ANALYZER_NONNULL = YES;
				CLANG_ANALYZER_NUMBER_OBJECT_CONVERSION = YES_AGGRESSIVE;
				CLANG_CXX_LANGUAGE_STANDARD = "gnu++17";
				CLANG_CXX_LIBRARY = "libc++";
				CLANG_ENABLE_MODULES = YES;
				CLANG_ENABLE_OBJC_ARC = YES;
				CLANG_ENABLE_OBJC_WEAK = YES;
				CLANG_WARN_BLOCK_CAPTURE_AUTORELEASING = YES;
				CLANG_WARN_BOOL_CONVERSION = YES;
				CLANG_WARN_COMMA = YES;
				CLANG_WARN_CONSTANT_CONVERSION = YES;
				CLANG_WARN_DEPRECATED_OBJC_IMPLEMENTATIONS = YES;
				CLANG_WARN_DIRECT_OBJC_ISA_USAGE = YES_ERROR;
				CLANG_WARN_DOCUMENTATION_COMMENTS = YES;
				CLANG_WARN_EMPTY_BODY = YES;
				CLANG_WARN_ENUM_CONVERSION = YES;
				CLANG_WARN_INFINITE_RECURSION = YES;
				CLANG_WARN_INT_CONVERSION = YES;
				CLANG_WARN_NON_LITERAL_NULL_CONVERSION = YES;
				CLANG_WARN_OBJC_IMPLICIT_RETAIN_SELF = YES;
				CLANG_WARN_OBJC_LITERAL_CONVERSION = YES;
				CLANG_WARN_OBJC_ROOT_CLASS = YES_ERROR;
				CLANG_WARN_QUOTED_INCLUDE_IN_FRAMEWORK_HEADER = YES;
				CLANG_WARN_RANGE_LOOP_ANALYSIS = YES;
				CLANG_WARN_STRICT_PROTOTYPES = YES;
				CLANG_WARN_SUSPICIOUS_MOVE = YES;
				CLANG_WARN_UNGUARDED_AVAILABILITY = YES_AGGRESSIVE;
				CLANG_WARN_UNREACHABLE_CODE = YES;
				CLANG_WARN__DUPLICATE_METHOD_MATCH = YES;
				COPY_PHASE_STRIP = NO;
				DEBUG_INFORMATION_FORMAT = dwarf;
				ENABLE_STRICT_OBJC_MSGSEND = YES;
				ENABLE_TESTABILITY = YES;
				GCC_C_LANGUAGE_STANDARD = gnu11;
				GCC_DYNAMIC_NO_PIC = NO;
				GCC_NO_COMMON_BLOCKS = YES;
				GCC_OPTIMIZATION_LEVEL = 0;
				GCC_PREPROCESSOR_DEFINITIONS = (
					"DEBUG=1",
					"$(inherited)",
				);
				GCC_WARN_64_TO_32_BIT_CONVERSION = YES;
				GCC_WARN_ABOUT_RETURN_TYPE = YES_ERROR;
				GCC_WARN_UNDECLARED_SELECTOR = YES;
				GCC_WARN_UNINITIALIZED_AUTOS = YES_AGGRESSIVE;
				GCC_WARN_UNUSED_FUNCTION = YES;
				GCC_WARN_UNUSED_VARIABLE = YES;
				IPHONEOS_DEPLOYMENT_TARGET = 15.2;
				MTL_ENABLE_DEBUG_INFO = INCLUDE_SOURCE;
				MTL_FAST_MATH = YES;
				ONLY_ACTIVE_ARCH = YES;
				SDKROOT = iphoneos;
				SWIFT_ACTIVE_COMPILATION_CONDITIONS = DEBUG;
				SWIFT_OPTIMIZATION_LEVEL = "-Onone";
			};
			name = Debug;
		};
		2C50500527AC5A46000FC527 /* Release */ = {
			isa = XCBuildConfiguration;
			buildSettings = {
				ALWAYS_SEARCH_USER_PATHS = NO;
				CLANG_ANALYZER_NONNULL = YES;
				CLANG_ANALYZER_NUMBER_OBJECT_CONVERSION = YES_AGGRESSIVE;
				CLANG_CXX_LANGUAGE_STANDARD = "gnu++17";
				CLANG_CXX_LIBRARY = "libc++";
				CLANG_ENABLE_MODULES = YES;
				CLANG_ENABLE_OBJC_ARC = YES;
				CLANG_ENABLE_OBJC_WEAK = YES;
				CLANG_WARN_BLOCK_CAPTURE_AUTORELEASING = YES;
				CLANG_WARN_BOOL_CONVERSION = YES;
				CLANG_WARN_COMMA = YES;
				CLANG_WARN_CONSTANT_CONVERSION = YES;
				CLANG_WARN_DEPRECATED_OBJC_IMPLEMENTATIONS = YES;
				CLANG_WARN_DIRECT_OBJC_ISA_USAGE = YES_ERROR;
				CLANG_WARN_DOCUMENTATION_COMMENTS = YES;
				CLANG_WARN_EMPTY_BODY = YES;
				CLANG_WARN_ENUM_CONVERSION = YES;
				CLANG_WARN_INFINITE_RECURSION = YES;
				CLANG_WARN_INT_CONVERSION = YES;
				CLANG_WARN_NON_LITERAL_NULL_CONVERSION = YES;
				CLANG_WARN_OBJC_IMPLICIT_RETAIN_SELF = YES;
				CLANG_WARN_OBJC_LITERAL_CONVERSION = YES;
				CLANG_WARN_OBJC_ROOT_CLASS = YES_ERROR;
				CLANG_WARN_QUOTED_INCLUDE_IN_FRAMEWORK_HEADER = YES;
				CLANG_WARN_RANGE_LOOP_ANALYSIS = YES;
				CLANG_WARN_STRICT_PROTOTYPES = YES;
				CLANG_WARN_SUSPICIOUS_MOVE = YES;
				CLANG_WARN_UNGUARDED_AVAILABILITY = YES_AGGRESSIVE;
				CLANG_WARN_UNREACHABLE_CODE = YES;
				CLANG_WARN__DUPLICATE_METHOD_MATCH = YES;
				COPY_PHASE_STRIP = NO;
				DEBUG_INFORMATION_FORMAT = "dwarf-with-dsym";
				ENABLE_NS_ASSERTIONS = NO;
				ENABLE_STRICT_OBJC_MSGSEND = YES;
				GCC_C_LANGUAGE_STANDARD = gnu11;
				GCC_NO_COMMON_BLOCKS = YES;
				GCC_WARN_64_TO_32_BIT_CONVERSION = YES;
				GCC_WARN_ABOUT_RETURN_TYPE = YES_ERROR;
				GCC_WARN_UNDECLARED_SELECTOR = YES;
				GCC_WARN_UNINITIALIZED_AUTOS = YES_AGGRESSIVE;
				GCC_WARN_UNUSED_FUNCTION = YES;
				GCC_WARN_UNUSED_VARIABLE = YES;
				IPHONEOS_DEPLOYMENT_TARGET = 15.2;
				MTL_ENABLE_DEBUG_INFO = NO;
				MTL_FAST_MATH = YES;
				SDKROOT = iphoneos;
				SWIFT_COMPILATION_MODE = wholemodule;
				SWIFT_OPTIMIZATION_LEVEL = "-O";
				VALIDATE_PRODUCT = YES;
			};
			name = Release;
		};
		2C50500727AC5A46000FC527 /* Debug */ = {
			isa = XCBuildConfiguration;
			buildSettings = {
				ASSETCATALOG_COMPILER_APPICON_NAME = AppIcon;
				ASSETCATALOG_COMPILER_GLOBAL_ACCENT_COLOR_NAME = AccentColor;
				CODE_SIGN_STYLE = Automatic;
				CURRENT_PROJECT_VERSION = 1;
				DEVELOPMENT_ASSET_PATHS = "\"Slider UI/Preview Content\"";
				DEVELOPMENT_TEAM = 3429RN28MU;
				ENABLE_PREVIEWS = YES;
				GENERATE_INFOPLIST_FILE = YES;
				INFOPLIST_KEY_UIApplicationSceneManifest_Generation = YES;
				INFOPLIST_KEY_UIApplicationSupportsIndirectInputEvents = YES;
				INFOPLIST_KEY_UILaunchScreen_Generation = YES;
				INFOPLIST_KEY_UISupportedInterfaceOrientations_iPad = "UIInterfaceOrientationPortrait UIInterfaceOrientationPortraitUpsideDown UIInterfaceOrientationLandscapeLeft UIInterfaceOrientationLandscapeRight";
				INFOPLIST_KEY_UISupportedInterfaceOrientations_iPhone = "UIInterfaceOrientationPortrait UIInterfaceOrientationLandscapeLeft UIInterfaceOrientationLandscapeRight";
				LD_RUNPATH_SEARCH_PATHS = (
					"$(inherited)",
					"@executable_path/Frameworks",
				);
				MARKETING_VERSION = 1.0;
				PRODUCT_BUNDLE_IDENTIFIER = "RasulMammadov.Slider-UI";
				PRODUCT_NAME = "$(TARGET_NAME)";
				SWIFT_EMIT_LOC_STRINGS = YES;
				SWIFT_VERSION = 5.0;
				TARGETED_DEVICE_FAMILY = "1,2";
			};
			name = Debug;
		};
		2C50500827AC5A46000FC527 /* Release */ = {
			isa = XCBuildConfiguration;
			buildSettings = {
				ASSETCATALOG_COMPILER_APPICON_NAME = AppIcon;
				ASSETCATALOG_COMPILER_GLOBAL_ACCENT_COLOR_NAME = AccentColor;
				CODE_SIGN_STYLE = Automatic;
				CURRENT_PROJECT_VERSION = 1;
				DEVELOPMENT_ASSET_PATHS = "\"Slider UI/Preview Content\"";
				DEVELOPMENT_TEAM = 3429RN28MU;
				ENABLE_PREVIEWS = YES;
				GENERATE_INFOPLIST_FILE = YES;
				INFOPLIST_KEY_UIApplicationSceneManifest_Generation = YES;
				INFOPLIST_KEY_UIApplicationSupportsIndirectInputEvents = YES;
				INFOPLIST_KEY_UILaunchScreen_Generation = YES;
				INFOPLIST_KEY_UISupportedInterfaceOrientations_iPad = "UIInterfaceOrientationPortrait UIInterfaceOrientationPortraitUpsideDown UIInterfaceOrientationLandscapeLeft UIInterfaceOrientationLandscapeRight";
				INFOPLIST_KEY_UISupportedInterfaceOrientations_iPhone = "UIInterfaceOrientationPortrait UIInterfaceOrientationLandscapeLeft UIInterfaceOrientationLandscapeRight";
				LD_RUNPATH_SEARCH_PATHS = (
					"$(inherited)",
					"@executable_path/Frameworks",
				);
				MARKETING_VERSION = 1.0;
				PRODUCT_BUNDLE_IDENTIFIER = "RasulMammadov.Slider-UI";
				PRODUCT_NAME = "$(TARGET_NAME)";
				SWIFT_EMIT_LOC_STRINGS = YES;
				SWIFT_VERSION = 5.0;
				TARGETED_DEVICE_FAMILY = "1,2";
			};
			name = Release;
		};
/* End XCBuildConfiguration section */

/* Begin XCConfigurationList section */
		2C504FF327AC5A45000FC527 /* Build configuration list for PBXProject "Slider UI" */ = {
			isa = XCConfigurationList;
			buildConfigurations = (
				2C50500427AC5A46000FC527 /* Debug */,
				2C50500527AC5A46000FC527 /* Release */,
			);
			defaultConfigurationIsVisible = 0;
			defaultConfigurationName = Release;
		};
		2C50500627AC5A46000FC527 /* Build configuration list for PBXNativeTarget "Slider UI" */ = {
			isa = XCConfigurationList;
			buildConfigurations = (
				2C50500727AC5A46000FC527 /* Debug */,
				2C50500827AC5A46000FC527 /* Release */,
			);
			defaultConfigurationIsVisible = 0;
			defaultConfigurationName = Release;
		};
/* End XCConfigurationList section */
	};
	rootObject = 2C504FF027AC5A45000FC527 /* Project object */;
}
